Microsoft Visual Studio Solution File, Format Version 11.00
# Visual Studio 2008

Project("{B67B89A6-0C24-F360-DABB-424C7A562824}") = "Thesis move test", "Assembly-CSharp-firstpass.csproj", "{432C94D4-CE3C-909A-DDD0-390C32DF3E50}"
EndProject
Project("{B67B89A6-0C24-F360-DABB-424C7A562824}") = "Thesis move test", "Assembly-CSharp.csproj", "{D2F34392-7760-3D0A-34E0-7E83DE9D870C}"
EndProject
Project("{B67B89A6-0C24-F360-DABB-424C7A562824}") = "Thesis move test", "Assembly-CSharp-Editor.csproj", "{C37E6CE1-AEF5-99FB-3486-E9443BB1FA34}"
EndProject
Global
	GlobalSection(SolutionConfigurationPlatforms) = preSolution
		Debug|Any CPU = Debug|Any CPU
		Release|Any CPU = Release|Any CPU
	EndGlobalSection
	GlobalSection(ProjectConfigurationPlatforms) = postSolution
		{432C94D4-CE3C-909A-DDD0-390C32DF3E50}.Debug|Any CPU.ActiveCfg = Debug|Any CPU
		{432C94D4-CE3C-909A-DDD0-390C32DF3E50}.Debug|Any CPU.Build.0 = Debug|Any CPU
		{432C94D4-CE3C-909A-DDD0-390C32DF3E50}.Release|Any CPU.ActiveCfg = Release|Any CPU
		{432C94D4-CE3C-909A-DDD0-390C32DF3E50}.Release|Any CPU.Build.0 = Release|Any CPU
		{D2F34392-7760-3D0A-34E0-7E83DE9D870C}.Debug|Any CPU.ActiveCfg = Debug|Any CPU
		{D2F34392-7760-3D0A-34E0-7E83DE9D870C}.Debug|Any CPU.Build.0 = Debug|Any CPU
		{D2F34392-7760-3D0A-34E0-7E83DE9D870C}.Release|Any CPU.ActiveCfg = Release|Any CPU
		{D2F34392-7760-3D0A-34E0-7E83DE9D870C}.Release|Any CPU.Build.0 = Release|Any CPU
		{C37E6CE1-AEF5-99FB-3486-E9443BB1FA34}.Debug|Any CPU.ActiveCfg = Debug|Any CPU
		{C37E6CE1-AEF5-99FB-3486-E9443BB1FA34}.Debug|Any CPU.Build.0 = Debug|Any CPU
		{C37E6CE1-AEF5-99FB-3486-E9443BB1FA34}.Release|Any CPU.ActiveCfg = Release|Any CPU
		{C37E6CE1-AEF5-99FB-3486-E9443BB1FA34}.Release|Any CPU.Build.0 = Release|Any CPU
	EndGlobalSection
	GlobalSection(SolutionProperties) = preSolution
		HideSolutionNode = FALSE
	EndGlobalSection
	GlobalSection(MonoDevelopProperties) = preSolution
		StartupItem = Assembly-CSharp.csproj
	EndGlobalSection
EndGlobal
